
Microsoft Visual Studio Solution File, Format Version 12.00
# Visual Studio 15
VisualStudioVersion = 15.0.26228.9
MinimumVisualStudioVersion = 10.0.40219.1
Project("{2150E333-8FDC-42A3-9474-1A3956D46DE8}") = ".paket", ".paket", "{0871C31C-37E1-4BEF-8934-60E875DB0456}"
	ProjectSection(SolutionItems) = preProject
		paket.dependencies = paket.dependencies
	EndProjectSection
EndProject
Project("{9A19103F-16F7-4668-BE54-9A1E7A4F7556}") = "Castle.Windsor", "src\Castle.Windsor\Castle.Windsor.csproj", "{EB445AD6-EEBB-451A-9A38-6F6A793707D6}"
EndProject
Project("{9A19103F-16F7-4668-BE54-9A1E7A4F7556}") = "Castle.Windsor.Tests", "src\Castle.Windsor.Tests\Castle.Windsor.Tests.csproj", "{6930FFBD-C95E-4CDD-8CF8-311BB617A8B4}"
EndProject
Project("{9A19103F-16F7-4668-BE54-9A1E7A4F7556}") = "Castle.Facilities.FactorySupport", "src\Castle.Facilities.FactorySupport\Castle.Facilities.FactorySupport.csproj", "{9AAF517E-207A-4A81-8C14-D4184ADBB701}"
EndProject
Project("{9A19103F-16F7-4668-BE54-9A1E7A4F7556}") = "Castle.Facilities.Logging", "src\Castle.Facilities.Logging\Castle.Facilities.Logging.csproj", "{183B3D33-E97B-4F02-B7B5-BC20601938B0}"
EndProject
Project("{9A19103F-16F7-4668-BE54-9A1E7A4F7556}") = "Castle.Facilities.EventWiring", "src\Castle.Facilities.EventWiring\Castle.Facilities.EventWiring.csproj", "{C64AF7DA-A17C-4379-88D9-43B16863DA37}"
EndProject
Project("{2150E333-8FDC-42A3-9474-1A3956D46DE8}") = ".build", ".build", "{E70FAB7D-FD6B-4777-A32F-F219C51248CD}"
	ProjectSection(SolutionItems) = preProject
		.gitignore = .gitignore
		appveyor.yml = appveyor.yml
		build.bat = build.bat
		build.fsx = build.fsx
		README.md = README.md
	EndProjectSection
EndProject
Project("{9A19103F-16F7-4668-BE54-9A1E7A4F7556}") = "Castle.Core", "src\Castle.Core\Castle.Core.csproj", "{BBDBCDBD-7B72-400F-BC73-24F7951AAED1}"
EndProject
Project("{9A19103F-16F7-4668-BE54-9A1E7A4F7556}") = "Castle.Core.Tests", "src\Castle.Core.Tests\Castle.Core.Tests.csproj", "{3B673EAB-8F58-4F69-BDD4-782BABCA5693}"
EndProject
Project("{9A19103F-16F7-4668-BE54-9A1E7A4F7556}") = "Castle.Core.DynamicProxy", "src\Castle.Core.DynamicProxy\Castle.Core.DynamicProxy.csproj", "{39D4B836-1E4F-4741-B7CB-130D5AE94C22}"
EndProject
Global
	GlobalSection(SolutionConfigurationPlatforms) = preSolution
		Debug|Any CPU = Debug|Any CPU
		NET45-Debug|Any CPU = NET45-Debug|Any CPU
		NET45-Release|Any CPU = NET45-Release|Any CPU
		Release|Any CPU = Release|Any CPU
	EndGlobalSection
	GlobalSection(ProjectConfigurationPlatforms) = postSolution
		{EB445AD6-EEBB-451A-9A38-6F6A793707D6}.Debug|Any CPU.ActiveCfg = Debug|Any CPU
		{EB445AD6-EEBB-451A-9A38-6F6A793707D6}.Debug|Any CPU.Build.0 = Debug|Any CPU
		{EB445AD6-EEBB-451A-9A38-6F6A793707D6}.NET45-Debug|Any CPU.ActiveCfg = Debug|Any CPU
		{EB445AD6-EEBB-451A-9A38-6F6A793707D6}.NET45-Debug|Any CPU.Build.0 = Debug|Any CPU
		{EB445AD6-EEBB-451A-9A38-6F6A793707D6}.NET45-Release|Any CPU.ActiveCfg = Release|Any CPU
		{EB445AD6-EEBB-451A-9A38-6F6A793707D6}.NET45-Release|Any CPU.Build.0 = Release|Any CPU
		{EB445AD6-EEBB-451A-9A38-6F6A793707D6}.Release|Any CPU.ActiveCfg = Release|Any CPU
		{EB445AD6-EEBB-451A-9A38-6F6A793707D6}.Release|Any CPU.Build.0 = Release|Any CPU
		{6930FFBD-C95E-4CDD-8CF8-311BB617A8B4}.Debug|Any CPU.ActiveCfg = Debug|Any CPU
		{6930FFBD-C95E-4CDD-8CF8-311BB617A8B4}.Debug|Any CPU.Build.0 = Debug|Any CPU
		{6930FFBD-C95E-4CDD-8CF8-311BB617A8B4}.NET45-Debug|Any CPU.ActiveCfg = Debug|Any CPU
		{6930FFBD-C95E-4CDD-8CF8-311BB617A8B4}.NET45-Debug|Any CPU.Build.0 = Debug|Any CPU
		{6930FFBD-C95E-4CDD-8CF8-311BB617A8B4}.NET45-Release|Any CPU.ActiveCfg = Release|Any CPU
		{6930FFBD-C95E-4CDD-8CF8-311BB617A8B4}.NET45-Release|Any CPU.Build.0 = Release|Any CPU
		{6930FFBD-C95E-4CDD-8CF8-311BB617A8B4}.Release|Any CPU.ActiveCfg = Release|Any CPU
		{6930FFBD-C95E-4CDD-8CF8-311BB617A8B4}.Release|Any CPU.Build.0 = Release|Any CPU
		{9AAF517E-207A-4A81-8C14-D4184ADBB701}.Debug|Any CPU.ActiveCfg = Debug|Any CPU
		{9AAF517E-207A-4A81-8C14-D4184ADBB701}.Debug|Any CPU.Build.0 = Debug|Any CPU
		{9AAF517E-207A-4A81-8C14-D4184ADBB701}.NET45-Debug|Any CPU.ActiveCfg = Debug|Any CPU
		{9AAF517E-207A-4A81-8C14-D4184ADBB701}.NET45-Debug|Any CPU.Build.0 = Debug|Any CPU
		{9AAF517E-207A-4A81-8C14-D4184ADBB701}.NET45-Release|Any CPU.ActiveCfg = Release|Any CPU
		{9AAF517E-207A-4A81-8C14-D4184ADBB701}.NET45-Release|Any CPU.Build.0 = Release|Any CPU
		{9AAF517E-207A-4A81-8C14-D4184ADBB701}.Release|Any CPU.ActiveCfg = Release|Any CPU
		{9AAF517E-207A-4A81-8C14-D4184ADBB701}.Release|Any CPU.Build.0 = Release|Any CPU
		{183B3D33-E97B-4F02-B7B5-BC20601938B0}.Debug|Any CPU.ActiveCfg = Debug|Any CPU
		{183B3D33-E97B-4F02-B7B5-BC20601938B0}.Debug|Any CPU.Build.0 = Debug|Any CPU
		{183B3D33-E97B-4F02-B7B5-BC20601938B0}.NET45-Debug|Any CPU.ActiveCfg = Debug|Any CPU
		{183B3D33-E97B-4F02-B7B5-BC20601938B0}.NET45-Debug|Any CPU.Build.0 = Debug|Any CPU
		{183B3D33-E97B-4F02-B7B5-BC20601938B0}.NET45-Release|Any CPU.ActiveCfg = Release|Any CPU
		{183B3D33-E97B-4F02-B7B5-BC20601938B0}.NET45-Release|Any CPU.Build.0 = Release|Any CPU
		{183B3D33-E97B-4F02-B7B5-BC20601938B0}.Release|Any CPU.ActiveCfg = Release|Any CPU
		{183B3D33-E97B-4F02-B7B5-BC20601938B0}.Release|Any CPU.Build.0 = Release|Any CPU
		{C64AF7DA-A17C-4379-88D9-43B16863DA37}.Debug|Any CPU.ActiveCfg = Debug|Any CPU
		{C64AF7DA-A17C-4379-88D9-43B16863DA37}.Debug|Any CPU.Build.0 = Debug|Any CPU
		{C64AF7DA-A17C-4379-88D9-43B16863DA37}.NET45-Debug|Any CPU.ActiveCfg = Debug|Any CPU
		{C64AF7DA-A17C-4379-88D9-43B16863DA37}.NET45-Debug|Any CPU.Build.0 = Debug|Any CPU
		{C64AF7DA-A17C-4379-88D9-43B16863DA37}.NET45-Release|Any CPU.ActiveCfg = Release|Any CPU
		{C64AF7DA-A17C-4379-88D9-43B16863DA37}.NET45-Release|Any CPU.Build.0 = Release|Any CPU
		{C64AF7DA-A17C-4379-88D9-43B16863DA37}.Release|Any CPU.ActiveCfg = Release|Any CPU
		{C64AF7DA-A17C-4379-88D9-43B16863DA37}.Release|Any CPU.Build.0 = Release|Any CPU
		{BBDBCDBD-7B72-400F-BC73-24F7951AAED1}.Debug|Any CPU.ActiveCfg = Debug|Any CPU
		{BBDBCDBD-7B72-400F-BC73-24F7951AAED1}.Debug|Any CPU.Build.0 = Debug|Any CPU
		{BBDBCDBD-7B72-400F-BC73-24F7951AAED1}.NET45-Debug|Any CPU.ActiveCfg = Debug|Any CPU
		{BBDBCDBD-7B72-400F-BC73-24F7951AAED1}.NET45-Debug|Any CPU.Build.0 = Debug|Any CPU
		{BBDBCDBD-7B72-400F-BC73-24F7951AAED1}.NET45-Release|Any CPU.ActiveCfg = Release|Any CPU
		{BBDBCDBD-7B72-400F-BC73-24F7951AAED1}.NET45-Release|Any CPU.Build.0 = Release|Any CPU
		{BBDBCDBD-7B72-400F-BC73-24F7951AAED1}.Release|Any CPU.ActiveCfg = Release|Any CPU
		{BBDBCDBD-7B72-400F-BC73-24F7951AAED1}.Release|Any CPU.Build.0 = Release|Any CPU
		{3B673EAB-8F58-4F69-BDD4-782BABCA5693}.Debug|Any CPU.ActiveCfg = Debug|Any CPU
		{3B673EAB-8F58-4F69-BDD4-782BABCA5693}.Debug|Any CPU.Build.0 = Debug|Any CPU
		{3B673EAB-8F58-4F69-BDD4-782BABCA5693}.NET45-Debug|Any CPU.ActiveCfg = Debug|Any CPU
		{3B673EAB-8F58-4F69-BDD4-782BABCA5693}.NET45-Debug|Any CPU.Build.0 = Debug|Any CPU
		{3B673EAB-8F58-4F69-BDD4-782BABCA5693}.NET45-Release|Any CPU.ActiveCfg = Release|Any CPU
		{3B673EAB-8F58-4F69-BDD4-782BABCA5693}.NET45-Release|Any CPU.Build.0 = Release|Any CPU
		{3B673EAB-8F58-4F69-BDD4-782BABCA5693}.Release|Any CPU.ActiveCfg = Release|Any CPU
		{3B673EAB-8F58-4F69-BDD4-782BABCA5693}.Release|Any CPU.Build.0 = Release|Any CPU
		{39D4B836-1E4F-4741-B7CB-130D5AE94C22}.Debug|Any CPU.ActiveCfg = Debug|Any CPU
		{39D4B836-1E4F-4741-B7CB-130D5AE94C22}.Debug|Any CPU.Build.0 = Debug|Any CPU
		{39D4B836-1E4F-4741-B7CB-130D5AE94C22}.NET45-Debug|Any CPU.ActiveCfg = Debug|Any CPU
		{39D4B836-1E4F-4741-B7CB-130D5AE94C22}.NET45-Debug|Any CPU.Build.0 = Debug|Any CPU
		{39D4B836-1E4F-4741-B7CB-130D5AE94C22}.NET45-Release|Any CPU.ActiveCfg = Release|Any CPU
		{39D4B836-1E4F-4741-B7CB-130D5AE94C22}.NET45-Release|Any CPU.Build.0 = Release|Any CPU
		{39D4B836-1E4F-4741-B7CB-130D5AE94C22}.Release|Any CPU.ActiveCfg = Release|Any CPU
		{39D4B836-1E4F-4741-B7CB-130D5AE94C22}.Release|Any CPU.Build.0 = Release|Any CPU
	EndGlobalSection
	GlobalSection(SolutionProperties) = preSolution
		HideSolutionNode = FALSE
	EndGlobalSection
EndGlobal
