
Microsoft Visual Studio Solution File, Format Version 12.00
# Visual Studio 15
VisualStudioVersion = 15.0.26228.9
MinimumVisualStudioVersion = 10.0.40219.1
Project("{2150E333-8FDC-42A3-9474-1A3956D46DE8}") = ".paket", ".paket", "{0871C31C-37E1-4BEF-8934-60E875DB0456}"
	ProjectSection(SolutionItems) = preProject
		paket.dependencies = paket.dependencies
	EndProjectSection
EndProject
Project("{2150E333-8FDC-42A3-9474-1A3956D46DE8}") = ".build", ".build", "{E70FAB7D-FD6B-4777-A32F-F219C51248CD}"
	ProjectSection(SolutionItems) = preProject
		.gitignore = .gitignore
		appveyor.yml = appveyor.yml
		build.bat = build.bat
		build.fsx = build.fsx
		common.props = common.props
		README.md = README.md
	EndProjectSection
EndProject
Project("{2150E333-8FDC-42A3-9474-1A3956D46DE8}") = "Desktop", "Desktop", "{581A9463-67F6-4B02-89E9-0CBCB5353E74}"
EndProject
Project("{2150E333-8FDC-42A3-9474-1A3956D46DE8}") = "Standard", "Standard", "{B7E4E0EA-4588-4225-8D0B-C1CDE64E4BF0}"
EndProject
Project("{9A19103F-16F7-4668-BE54-9A1E7A4F7556}") = "Castle.Core", "src\Desktop\Castle.Core\Castle.Core.csproj", "{1F82A61C-358F-40D5-B6D3-2726B555203A}"
EndProject
Project("{9A19103F-16F7-4668-BE54-9A1E7A4F7556}") = "Castle.Core.DynamicProxy", "src\Desktop\Castle.Core.DynamicProxy\Castle.Core.DynamicProxy.csproj", "{2A8ED83C-C349-40AB-8429-82C57793EACF}"
EndProject
Project("{9A19103F-16F7-4668-BE54-9A1E7A4F7556}") = "Castle.Core.Tests", "src\Desktop\Castle.Core.Tests\Castle.Core.Tests.csproj", "{3621CBCB-1FA4-46D5-9039-FEBB8E46B408}"
EndProject
Project("{9A19103F-16F7-4668-BE54-9A1E7A4F7556}") = "Castle.Windsor", "src\Desktop\Castle.Windsor\Castle.Windsor.csproj", "{44C030B0-6463-40E6-9024-3B33A137FDAC}"
EndProject
Project("{9A19103F-16F7-4668-BE54-9A1E7A4F7556}") = "Castle.Facilities.Logging", "src\Desktop\Castle.Facilities.Logging\Castle.Facilities.Logging.csproj", "{E3FEF97C-1CCD-4F1C-9128-FB54145A6044}"
EndProject
Project("{9A19103F-16F7-4668-BE54-9A1E7A4F7556}") = "Castle.Facilities.EventWiring", "src\Desktop\Castle.Facilities.EventWiring\Castle.Facilities.EventWiring.csproj", "{C4AF2B6D-FDF4-4E4D-AAF9-76762B0267C4}"
EndProject
Project("{9A19103F-16F7-4668-BE54-9A1E7A4F7556}") = "Castle.Facilities.FactorySupport", "src\Desktop\Castle.Facilities.FactorySupport\Castle.Facilities.FactorySupport.csproj", "{22CCB5AA-010F-4833-ADFB-E499F182F1FB}"
EndProject
Project("{9A19103F-16F7-4668-BE54-9A1E7A4F7556}") = "Castle.Windsor.Tests", "src\Desktop\Castle.Windsor.Tests\Castle.Windsor.Tests.csproj", "{D853B132-2F22-427D-B394-6C0605931430}"
EndProject
Project("{9A19103F-16F7-4668-BE54-9A1E7A4F7556}") = "Castle.Core", "src\Standard\Castle.Core\Castle.Core.csproj", "{F9E54FC2-7A8C-42DB-B81B-CB085C327E7E}"
EndProject
Project("{9A19103F-16F7-4668-BE54-9A1E7A4F7556}") = "Castle.Core.DynamicProxy", "src\Standard\Castle.Core.DynamicProxy\Castle.Core.DynamicProxy.csproj", "{976420E0-7D9A-4AE3-8503-71E48E7F3923}"
EndProject
Project("{9A19103F-16F7-4668-BE54-9A1E7A4F7556}") = "Castle.Core.Tests", "src\Standard\Castle.Core.Tests\Castle.Core.Tests.csproj", "{B8CC02BB-BDEA-4668-AA0A-589E9049A525}"
EndProject
Project("{9A19103F-16F7-4668-BE54-9A1E7A4F7556}") = "Castle.Windsor", "src\Standard\Castle.Windsor\Castle.Windsor.csproj", "{AE4687E0-3CB5-4B78-958F-9332F430CDC8}"
EndProject
Project("{2150E333-8FDC-42A3-9474-1A3956D46DE8}") = "Core", "Core", "{8C6A0A6B-0CEB-4223-BDA9-E16CAEA7C4C1}"
EndProject
Project("{9A19103F-16F7-4668-BE54-9A1E7A4F7556}") = "Castle.Core.Tests", "src\Core\Castle.Core.Tests\Castle.Core.Tests.csproj", "{E1F5EAD4-CE02-4D08-A452-785A4DD1ED45}"
EndProject
Project("{9A19103F-16F7-4668-BE54-9A1E7A4F7556}") = "Castle.Windsor.Tests", "src\Core\Castle.Windsor.Tests\Castle.Windsor.Tests.csproj", "{8AA02726-48B5-489A-8721-EC576E1D66BE}"
EndProject
Project("{9A19103F-16F7-4668-BE54-9A1E7A4F7556}") = "Castle.Windsor.Tests", "src\Standard\Castle.Windsor.Tests\Castle.Windsor.Tests.csproj", "{ACE76205-8D8A-4DDE-9AA1-519B99D948C2}"
EndProject
Project("{9A19103F-16F7-4668-BE54-9A1E7A4F7556}") = "Castle.Facilities.Logging", "src\Standard\Castle.Facilities.Logging\Castle.Facilities.Logging.csproj", "{4A2C487F-3813-4018-95C1-B5E7BACB9F73}"
EndProject
Global
	GlobalSection(SolutionConfigurationPlatforms) = preSolution
		Debug|Any CPU = Debug|Any CPU
		Release|Any CPU = Release|Any CPU
	EndGlobalSection
	GlobalSection(ProjectConfigurationPlatforms) = postSolution
		{1F82A61C-358F-40D5-B6D3-2726B555203A}.Debug|Any CPU.ActiveCfg = Debug|Any CPU
		{1F82A61C-358F-40D5-B6D3-2726B555203A}.Debug|Any CPU.Build.0 = Debug|Any CPU
		{1F82A61C-358F-40D5-B6D3-2726B555203A}.Release|Any CPU.ActiveCfg = Release|Any CPU
		{1F82A61C-358F-40D5-B6D3-2726B555203A}.Release|Any CPU.Build.0 = Release|Any CPU
		{2A8ED83C-C349-40AB-8429-82C57793EACF}.Debug|Any CPU.ActiveCfg = Debug|Any CPU
		{2A8ED83C-C349-40AB-8429-82C57793EACF}.Debug|Any CPU.Build.0 = Debug|Any CPU
		{2A8ED83C-C349-40AB-8429-82C57793EACF}.Release|Any CPU.ActiveCfg = Release|Any CPU
		{2A8ED83C-C349-40AB-8429-82C57793EACF}.Release|Any CPU.Build.0 = Release|Any CPU
		{3621CBCB-1FA4-46D5-9039-FEBB8E46B408}.Debug|Any CPU.ActiveCfg = Debug|Any CPU
		{3621CBCB-1FA4-46D5-9039-FEBB8E46B408}.Debug|Any CPU.Build.0 = Debug|Any CPU
		{3621CBCB-1FA4-46D5-9039-FEBB8E46B408}.Release|Any CPU.ActiveCfg = Release|Any CPU
		{3621CBCB-1FA4-46D5-9039-FEBB8E46B408}.Release|Any CPU.Build.0 = Release|Any CPU
		{44C030B0-6463-40E6-9024-3B33A137FDAC}.Debug|Any CPU.ActiveCfg = Debug|Any CPU
		{44C030B0-6463-40E6-9024-3B33A137FDAC}.Debug|Any CPU.Build.0 = Debug|Any CPU
		{44C030B0-6463-40E6-9024-3B33A137FDAC}.Release|Any CPU.ActiveCfg = Release|Any CPU
		{44C030B0-6463-40E6-9024-3B33A137FDAC}.Release|Any CPU.Build.0 = Release|Any CPU
		{E3FEF97C-1CCD-4F1C-9128-FB54145A6044}.Debug|Any CPU.ActiveCfg = Debug|Any CPU
		{E3FEF97C-1CCD-4F1C-9128-FB54145A6044}.Debug|Any CPU.Build.0 = Debug|Any CPU
		{E3FEF97C-1CCD-4F1C-9128-FB54145A6044}.Release|Any CPU.ActiveCfg = Release|Any CPU
		{E3FEF97C-1CCD-4F1C-9128-FB54145A6044}.Release|Any CPU.Build.0 = Release|Any CPU
		{C4AF2B6D-FDF4-4E4D-AAF9-76762B0267C4}.Debug|Any CPU.ActiveCfg = Debug|Any CPU
		{C4AF2B6D-FDF4-4E4D-AAF9-76762B0267C4}.Debug|Any CPU.Build.0 = Debug|Any CPU
		{C4AF2B6D-FDF4-4E4D-AAF9-76762B0267C4}.Release|Any CPU.ActiveCfg = Release|Any CPU
		{C4AF2B6D-FDF4-4E4D-AAF9-76762B0267C4}.Release|Any CPU.Build.0 = Release|Any CPU
		{22CCB5AA-010F-4833-ADFB-E499F182F1FB}.Debug|Any CPU.ActiveCfg = Debug|Any CPU
		{22CCB5AA-010F-4833-ADFB-E499F182F1FB}.Debug|Any CPU.Build.0 = Debug|Any CPU
		{22CCB5AA-010F-4833-ADFB-E499F182F1FB}.Release|Any CPU.ActiveCfg = Release|Any CPU
		{22CCB5AA-010F-4833-ADFB-E499F182F1FB}.Release|Any CPU.Build.0 = Release|Any CPU
		{D853B132-2F22-427D-B394-6C0605931430}.Debug|Any CPU.ActiveCfg = Debug|Any CPU
		{D853B132-2F22-427D-B394-6C0605931430}.Debug|Any CPU.Build.0 = Debug|Any CPU
		{D853B132-2F22-427D-B394-6C0605931430}.Release|Any CPU.ActiveCfg = Release|Any CPU
		{D853B132-2F22-427D-B394-6C0605931430}.Release|Any CPU.Build.0 = Release|Any CPU
		{F9E54FC2-7A8C-42DB-B81B-CB085C327E7E}.Debug|Any CPU.ActiveCfg = Debug|Any CPU
		{F9E54FC2-7A8C-42DB-B81B-CB085C327E7E}.Debug|Any CPU.Build.0 = Debug|Any CPU
		{F9E54FC2-7A8C-42DB-B81B-CB085C327E7E}.Release|Any CPU.ActiveCfg = Release|Any CPU
		{F9E54FC2-7A8C-42DB-B81B-CB085C327E7E}.Release|Any CPU.Build.0 = Release|Any CPU
		{976420E0-7D9A-4AE3-8503-71E48E7F3923}.Debug|Any CPU.ActiveCfg = Debug|Any CPU
		{976420E0-7D9A-4AE3-8503-71E48E7F3923}.Debug|Any CPU.Build.0 = Debug|Any CPU
		{976420E0-7D9A-4AE3-8503-71E48E7F3923}.Release|Any CPU.ActiveCfg = Release|Any CPU
		{976420E0-7D9A-4AE3-8503-71E48E7F3923}.Release|Any CPU.Build.0 = Release|Any CPU
		{B8CC02BB-BDEA-4668-AA0A-589E9049A525}.Debug|Any CPU.ActiveCfg = Debug|Any CPU
		{B8CC02BB-BDEA-4668-AA0A-589E9049A525}.Debug|Any CPU.Build.0 = Debug|Any CPU
		{B8CC02BB-BDEA-4668-AA0A-589E9049A525}.Release|Any CPU.ActiveCfg = Release|Any CPU
		{B8CC02BB-BDEA-4668-AA0A-589E9049A525}.Release|Any CPU.Build.0 = Release|Any CPU
		{AE4687E0-3CB5-4B78-958F-9332F430CDC8}.Debug|Any CPU.ActiveCfg = Debug|Any CPU
		{AE4687E0-3CB5-4B78-958F-9332F430CDC8}.Debug|Any CPU.Build.0 = Debug|Any CPU
		{AE4687E0-3CB5-4B78-958F-9332F430CDC8}.Release|Any CPU.ActiveCfg = Release|Any CPU
		{AE4687E0-3CB5-4B78-958F-9332F430CDC8}.Release|Any CPU.Build.0 = Release|Any CPU
		{E1F5EAD4-CE02-4D08-A452-785A4DD1ED45}.Debug|Any CPU.ActiveCfg = Debug|Any CPU
		{E1F5EAD4-CE02-4D08-A452-785A4DD1ED45}.Debug|Any CPU.Build.0 = Debug|Any CPU
		{E1F5EAD4-CE02-4D08-A452-785A4DD1ED45}.Release|Any CPU.ActiveCfg = Release|Any CPU
		{E1F5EAD4-CE02-4D08-A452-785A4DD1ED45}.Release|Any CPU.Build.0 = Release|Any CPU
		{8AA02726-48B5-489A-8721-EC576E1D66BE}.Debug|Any CPU.ActiveCfg = Debug|Any CPU
		{8AA02726-48B5-489A-8721-EC576E1D66BE}.Debug|Any CPU.Build.0 = Debug|Any CPU
		{8AA02726-48B5-489A-8721-EC576E1D66BE}.Release|Any CPU.ActiveCfg = Release|Any CPU
		{8AA02726-48B5-489A-8721-EC576E1D66BE}.Release|Any CPU.Build.0 = Release|Any CPU
		{ACE76205-8D8A-4DDE-9AA1-519B99D948C2}.Debug|Any CPU.ActiveCfg = Debug|Any CPU
		{ACE76205-8D8A-4DDE-9AA1-519B99D948C2}.Debug|Any CPU.Build.0 = Debug|Any CPU
		{ACE76205-8D8A-4DDE-9AA1-519B99D948C2}.Release|Any CPU.ActiveCfg = Release|Any CPU
		{ACE76205-8D8A-4DDE-9AA1-519B99D948C2}.Release|Any CPU.Build.0 = Release|Any CPU
		{4A2C487F-3813-4018-95C1-B5E7BACB9F73}.Debug|Any CPU.ActiveCfg = Debug|Any CPU
		{4A2C487F-3813-4018-95C1-B5E7BACB9F73}.Debug|Any CPU.Build.0 = Debug|Any CPU
		{4A2C487F-3813-4018-95C1-B5E7BACB9F73}.Release|Any CPU.ActiveCfg = Release|Any CPU
		{4A2C487F-3813-4018-95C1-B5E7BACB9F73}.Release|Any CPU.Build.0 = Release|Any CPU
	EndGlobalSection
	GlobalSection(SolutionProperties) = preSolution
		HideSolutionNode = FALSE
	EndGlobalSection
	GlobalSection(NestedProjects) = preSolution
		{1F82A61C-358F-40D5-B6D3-2726B555203A} = {581A9463-67F6-4B02-89E9-0CBCB5353E74}
		{2A8ED83C-C349-40AB-8429-82C57793EACF} = {581A9463-67F6-4B02-89E9-0CBCB5353E74}
		{3621CBCB-1FA4-46D5-9039-FEBB8E46B408} = {581A9463-67F6-4B02-89E9-0CBCB5353E74}
		{44C030B0-6463-40E6-9024-3B33A137FDAC} = {581A9463-67F6-4B02-89E9-0CBCB5353E74}
		{E3FEF97C-1CCD-4F1C-9128-FB54145A6044} = {581A9463-67F6-4B02-89E9-0CBCB5353E74}
		{C4AF2B6D-FDF4-4E4D-AAF9-76762B0267C4} = {581A9463-67F6-4B02-89E9-0CBCB5353E74}
		{22CCB5AA-010F-4833-ADFB-E499F182F1FB} = {581A9463-67F6-4B02-89E9-0CBCB5353E74}
		{D853B132-2F22-427D-B394-6C0605931430} = {581A9463-67F6-4B02-89E9-0CBCB5353E74}
		{F9E54FC2-7A8C-42DB-B81B-CB085C327E7E} = {B7E4E0EA-4588-4225-8D0B-C1CDE64E4BF0}
		{976420E0-7D9A-4AE3-8503-71E48E7F3923} = {B7E4E0EA-4588-4225-8D0B-C1CDE64E4BF0}
		{B8CC02BB-BDEA-4668-AA0A-589E9049A525} = {B7E4E0EA-4588-4225-8D0B-C1CDE64E4BF0}
		{AE4687E0-3CB5-4B78-958F-9332F430CDC8} = {B7E4E0EA-4588-4225-8D0B-C1CDE64E4BF0}
		{E1F5EAD4-CE02-4D08-A452-785A4DD1ED45} = {8C6A0A6B-0CEB-4223-BDA9-E16CAEA7C4C1}
		{8AA02726-48B5-489A-8721-EC576E1D66BE} = {8C6A0A6B-0CEB-4223-BDA9-E16CAEA7C4C1}
		{ACE76205-8D8A-4DDE-9AA1-519B99D948C2} = {B7E4E0EA-4588-4225-8D0B-C1CDE64E4BF0}
		{4A2C487F-3813-4018-95C1-B5E7BACB9F73} = {B7E4E0EA-4588-4225-8D0B-C1CDE64E4BF0}
	EndGlobalSection
EndGlobal
